
Microsoft Visual Studio Solution File, Format Version 12.00
# Visual Studio 15
Project("{FAE04EC0-301F-11D3-BF4B-00C04F79EFBC}") = "Assembly-CSharp", "Assembly-CSharp.csproj", "{974DAC46-0D09-5004-FF57-790A11D03A38}"
EndProject
Project("{FAE04EC0-301F-11D3-BF4B-00C04F79EFBC}") = "Assembly-CSharp-firstpass", "Assembly-CSharp-firstpass.csproj", "{6358C0B0-338A-F551-3AF3-A007964D097E}"
EndProject
Project("{FAE04EC0-301F-11D3-BF4B-00C04F79EFBC}") = "Assembly-CSharp-Editor-firstpass", "Assembly-CSharp-Editor-firstpass.csproj", "{EBC6B6C8-8347-4336-D1BC-A7041130D79E}"
EndProject
Global
	GlobalSection(SolutionConfigurationPlatforms) = preSolution
		Debug|Any CPU = Debug|Any CPU
		Release|Any CPU = Release|Any CPU
	EndGlobalSection
	GlobalSection(ProjectConfigurationPlatforms) = postSolution
		{974DAC46-0D09-5004-FF57-790A11D03A38}.Debug|Any CPU.ActiveCfg = Debug|Any CPU
		{974DAC46-0D09-5004-FF57-790A11D03A38}.Debug|Any CPU.Build.0 = Debug|Any CPU
		{974DAC46-0D09-5004-FF57-790A11D03A38}.Release|Any CPU.ActiveCfg = Release|Any CPU
		{974DAC46-0D09-5004-FF57-790A11D03A38}.Release|Any CPU.Build.0 = Release|Any CPU
		{6358C0B0-338A-F551-3AF3-A007964D097E}.Debug|Any CPU.ActiveCfg = Debug|Any CPU
		{6358C0B0-338A-F551-3AF3-A007964D097E}.Debug|Any CPU.Build.0 = Debug|Any CPU
		{6358C0B0-338A-F551-3AF3-A007964D097E}.Release|Any CPU.ActiveCfg = Release|Any CPU
		{6358C0B0-338A-F551-3AF3-A007964D097E}.Release|Any CPU.Build.0 = Release|Any CPU
		{EBC6B6C8-8347-4336-D1BC-A7041130D79E}.Debug|Any CPU.ActiveCfg = Debug|Any CPU
		{EBC6B6C8-8347-4336-D1BC-A7041130D79E}.Debug|Any CPU.Build.0 = Debug|Any CPU
		{EBC6B6C8-8347-4336-D1BC-A7041130D79E}.Release|Any CPU.ActiveCfg = Release|Any CPU
		{EBC6B6C8-8347-4336-D1BC-A7041130D79E}.Release|Any CPU.Build.0 = Release|Any CPU
	EndGlobalSection
	GlobalSection(SolutionProperties) = preSolution
		HideSolutionNode = FALSE
	EndGlobalSection
EndGlobal
